dependencies:
- name: mongodb
  repository: https://charts.bitnami.com/bitnami
  version: 13.6.0
- name: url-shortener
  repository: file://../url-shortener
  version: 1.0.17
digest: sha256:914c3605a427e59e8e5ed660b749955691907392aa8a786aec7b67064f047400
generated: "2025-01-26T12:33:11.733328207+02:00"
