dependencies:
- name: mongodb
  repository: https://charts.bitnami.com/bitnami
  version: 13.6.0
- name: url-shortener
  repository: file://../url-shortener
  version: 1.0.16
digest: sha256:dbd7257725dde995f9bcffdcb98495a2fdfad6157ea7b3fe71bc7a6790715e78
generated: "2025-01-24T18:26:14.314227923+02:00"
